// !$*UTF8*$!
{
	archiveVersion = 1;
	classes = {
	};
	objectVersion = 77;
	objects = {

/* Begin PBXBuildFile section */
		63A4E3802FF8719A00EC3C43 /* NMapsMap in Frameworks */ = {isa = PBXBuildFile; productRef = 63A4E37F2FF8719A00EC3C43 /* NMapsMap */; };
/* End PBXBuildFile section */

/* Begin PBXContainerItemProxy section */
		63A241832FF78FA60001C8E3 /* PBXContainerItemProxy */ = {
			isa = PBXContainerItemProxy;
			containerPortal = 63A241692FF78FA50001C8E3 /* Project object */;
			proxyType = 1;
			remoteGlobalIDString = 63A241702FF78FA50001C8E3;
			remoteInfo = passage;
		};
		63A2418D2FF78FA60001C8E3 /* PBXContainerItemProxy */ = {
			isa = PBXContainerItemProxy;
			containerPortal = 63A241692FF78FA50001C8E3 /* Project object */;
			proxyType = 1;
			remoteGlobalIDString = 63A241702FF78FA50001C8E3;
			remoteInfo = passage;
		};
/* End PBXContainerItemProxy section */

/* Begin PBXFileReference section */
		63A241712FF78FA50001C8E3 /* passage.app */ = {isa = PBXFileReference; explicitFileType = wrapper.application; includeInIndex = 0; path = passage.app; sourceTree = BUILT_PRODUCTS_DIR; };
		63A241822FF78FA60001C8E3 /* passageTests.xctest */ = {isa = PBXFileReference; explicitFileType = wrapper.cfbundle; includeInIndex = 0; path = passageTests.xctest; sourceTree = BUILT_PRODUCTS_DIR; };
		63A2418C2FF78FA60001C8E3 /* passageUITests.xctest */ = {isa = PBXFileReference; explicitFileType = wrapper.cfbundle; includeInIndex = 0; path = passageUITests.xctest; sourceTree = BUILT_PRODUCTS_DIR; };
/* End PBXFileReference section */

/* Begin PBXFileSystemSynchronizedBuildFileExceptionSet section */
		63A241942FF78FA60001C8E3 /* Exceptions for "passage" folder in "passage" target */ = {
			isa = PBXFileSystemSynchronizedBuildFileExceptionSet;
			membershipExceptions = (
				App/Config/Debug.xcconfig,
				App/Config/Release.xcconfig,
				App/Config/Secrets.xcconfig,
				App/Config/Secrets.xcconfig.example,
				Info.plist,
			);
			target = 63A241702FF78FA50001C8E3 /* passage */;
		};
/* End PBXFileSystemSynchronizedBuildFileExceptionSet section */

/* Begin PBXFileSystemSynchronizedRootGroup section */
		63A241732FF78FA50001C8E3 /* passage */ = {
			isa = PBXFileSystemSynchronizedRootGroup;
			exceptions = (
				63A241942FF78FA60001C8E3 /* Exceptions for "passage" folder in "passage" target */,
			);
			path = passage;
			sourceTree = "<group>";
		};
		63A241852FF78FA60001C8E3 /* passageTests */ = {
			isa = PBXFileSystemSynchronizedRootGroup;
			path = passageTests;
			sourceTree = "<group>";
		};
		63A2418F2FF78FA60001C8E3 /* passageUITests */ = {
			isa = PBXFileSystemSynchronizedRootGroup;
			path = passageUITests;
			sourceTree = "<group>";
		};
/* End PBXFileSystemSynchronizedRootGroup section */

/* Begin PBXFrameworksBuildPhase section */
		63A2416E2FF78FA50001C8E3 /* Frameworks */ = {
			isa = PBXFrameworksBuildPhase;
			buildActionMask = 2147483647;
			files = (
				63A4E3802FF8719A00EC3C43 /* NMapsMap in Frameworks */,
			);
			runOnlyForDeploymentPostprocessing = 0;
		};
		63A2417F2FF78FA60001C8E3 /* Frameworks */ = {
			isa = PBXFrameworksBuildPhase;
			buildActionMask = 2147483647;
			files = (
			);
			runOnlyForDeploymentPostprocessing = 0;
		};
		63A241892FF78FA60001C8E3 /* Frameworks */ = {
			isa = PBXFrameworksBuildPhase;
			buildActionMask = 2147483647;
			files = (
			);
			runOnlyForDeploymentPostprocessing = 0;
		};
/* End PBXFrameworksBuildPhase section */

/* Begin PBXGroup section */
		63A241682FF78FA50001C8E3 = {
			isa = PBXGroup;
			children = (
				63A241732FF78FA50001C8E3 /* passage */,
				63A241852FF78FA60001C8E3 /* passageTests */,
				63A2418F2FF78FA60001C8E3 /* passageUITests */,
				63A241722FF78FA50001C8E3 /* Products */,
			);
			sourceTree = "<group>";
		};
		63A241722FF78FA50001C8E3 /* Products */ = {
			isa = PBXGroup;
			children = (
				63A241712FF78FA50001C8E3 /* passage.app */,
				63A241822FF78FA60001C8E3 /* passageTests.xctest */,
				63A2418C2FF78FA60001C8E3 /* passageUITests.xctest */,
			);
			name = Products;
			sourceTree = "<group>";
		};
/* End PBXGroup section */

/* Begin PBXNativeTarget section */
		63A241702FF78FA50001C8E3 /* passage */ = {
			isa = PBXNativeTarget;
			buildConfigurationList = 63A241952FF78FA60001C8E3 /* Build configuration list for PBXNativeTarget "passage" */;
			buildPhases = (
				63A2416D2FF78FA50001C8E3 /* Sources */,
				63A2416E2FF78FA50001C8E3 /* Frameworks */,
				63A2416F2FF78FA50001C8E3 /* Resources */,
			);
			buildRules = (
			);
			dependencies = (
			);
			fileSystemSynchronizedGroups = (
				63A241732FF78FA50001C8E3 /* passage */,
			);
			name = passage;
			packageProductDependencies = (
				63A4E37F2FF8719A00EC3C43 /* NMapsMap */,
			);
			productName = passage;
			productReference = 63A241712FF78FA50001C8E3 /* passage.app */;
			productType = "com.apple.product-type.application";
		};
		63A241812FF78FA60001C8E3 /* passageTests */ = {
			isa = PBXNativeTarget;
			buildConfigurationList = 63A2419A2FF78FA60001C8E3 /* Build configuration list for PBXNativeTarget "passageTests" */;
			buildPhases = (
				63A2417E2FF78FA60001C8E3 /* Sources */,
				63A2417F2FF78FA60001C8E3 /* Frameworks */,
				63A241802FF78FA60001C8E3 /* Resources */,
			);
			buildRules = (
			);
			dependencies = (
				63A241842FF78FA60001C8E3 /* PBXTargetDependency */,
			);
			fileSystemSynchronizedGroups = (
				63A241852FF78FA60001C8E3 /* passageTests */,
			);
			name = passageTests;
			packageProductDependencies = (
			);
			productName = passageTests;
			productReference = 63A241822FF78FA60001C8E3 /* passageTests.xctest */;
			productType = "com.apple.product-type.bundle.unit-test";
		};
		63A2418B2FF78FA60001C8E3 /* passageUITests */ = {
			isa = PBXNativeTarget;
			buildConfigurationList = 63A2419D2FF78FA60001C8E3 /* Build configuration list for PBXNativeTarget "passageUITests" */;
			buildPhases = (
				63A241882FF78FA60001C8E3 /* Sources */,
				63A241892FF78FA60001C8E3 /* Frameworks */,
				63A2418A2FF78FA60001C8E3 /* Resources */,
			);
			buildRules = (
			);
			dependencies = (
				63A2418E2FF78FA60001C8E3 /* PBXTargetDependency */,
			);
			fileSystemSynchronizedGroups = (
				63A2418F2FF78FA60001C8E3 /* passageUITests */,
			);
			name = passageUITests;
			packageProductDependencies = (
			);
			productName = passageUITests;
			productReference = 63A2418C2FF78FA60001C8E3 /* passageUITests.xctest */;
			productType = "com.apple.product-type.bundle.ui-testing";
		};
/* End PBXNativeTarget section */

/* Begin PBXProject section */
		63A241692FF78FA50001C8E3 /* Project object */ = {
			isa = PBXProject;
			attributes = {
				BuildIndependentTargetsInParallel = 1;
				LastSwiftUpdateCheck = 2660;
				LastUpgradeCheck = 2660;
				TargetAttributes = {
					63A241702FF78FA50001C8E3 = {
						CreatedOnToolsVersion = 26.6;
					};
					63A241812FF78FA60001C8E3 = {
						CreatedOnToolsVersion = 26.6;
						TestTargetID = 63A241702FF78FA50001C8E3;
					};
					63A2418B2FF78FA60001C8E3 = {
						CreatedOnToolsVersion = 26.6;
						TestTargetID = 63A241702FF78FA50001C8E3;
					};
				};
			};
			buildConfigurationList = 63A2416C2FF78FA50001C8E3 /* Build configuration list for PBXProject "passage" */;
			developmentRegion = en;
			hasScannedForEncodings = 0;
			knownRegions = (
				en,
				Base,
			);
			mainGroup = 63A241682FF78FA50001C8E3;
			minimizedProjectReferenceProxies = 1;
			packageReferences = (
				63A4E37E2FF8719A00EC3C43 /* XCRemoteSwiftPackageReference "SPM-NMapsMap" */,
			);
			preferredProjectObjectVersion = 77;
			productRefGroup = 63A241722FF78FA50001C8E3 /* Products */;
			projectDirPath = "";
			projectRoot = "";
			targets = (
				63A241702FF78FA50001C8E3 /* passage */,
				63A241812FF78FA60001C8E3 /* passageTests */,
				63A2418B2FF78FA60001C8E3 /* passageUITests */,
			);
		};
/* End PBXProject section */

/* Begin PBXResourcesBuildPhase section */
		63A2416F2FF78FA50001C8E3 /* Resources */ = {
			isa = PBXResourcesBuildPhase;
			buildActionMask = 2147483647;
			files = (
			);
			runOnlyForDeploymentPostprocessing = 0;
		};
		63A241802FF78FA60001C8E3 /* Resources */ = {
			isa = PBXResourcesBuildPhase;
			buildActionMask = 2147483647;
			files = (
			);
			runOnlyForDeploymentPostprocessing = 0;
		};
		63A2418A2FF78FA60001C8E3 /* Resources */ = {
			isa = PBXResourcesBuildPhase;
			buildActionMask = 2147483647;
			files = (
			);
			runOnlyForDeploymentPostprocessing = 0;
		};
/* End PBXResourcesBuildPhase section */

/* Begin PBXSourcesBuildPhase section */
		63A2416D2FF78FA50001C8E3 /* Sources */ = {
			isa = PBXSourcesBuildPhase;
			buildActionMask = 2147483647;
			files = (
			);
			runOnlyForDeploymentPostprocessing = 0;
		};
		63A2417E2FF78FA60001C8E3 /* Sources */ = {
			isa = PBXSourcesBuildPhase;
			buildActionMask = 2147483647;
			files = (
			);
			runOnlyForDeploymentPostprocessing = 0;
		};
		63A241882FF78FA60001C8E3 /* Sources */ = {
			isa = PBXSourcesBuildPhase;
			buildActionMask = 2147483647;
			files = (
			);
			runOnlyForDeploymentPostprocessing = 0;
		};
/* End PBXSourcesBuildPhase section */

/* Begin PBXTargetDependency section */
		63A241842FF78FA60001C8E3 /* PBXTargetDependency */ = {
			isa = PBXTargetDependency;
			target = 63A241702FF78FA50001C8E3 /* passage */;
			targetProxy = 63A241832FF78FA60001C8E3 /* PBXContainerItemProxy */;
		};
		63A2418E2FF78FA60001C8E3 /* PBXTargetDependency */ = {
			isa = PBXTargetDependency;
			target = 63A241702FF78FA50001C8E3 /* passage */;
			targetProxy = 63A2418D2FF78FA60001C8E3 /* PBXContainerItemProxy */;
		};
/* End PBXTargetDependency section */

/* Begin XCBuildConfiguration section */
		63A241962FF78FA60001C8E3 /* Debug */ = {
			isa = XCBuildConfiguration;
			baseConfigurationReferenceAnchor = 63A241732FF78FA50001C8E3 /* passage */;
			baseConfigurationReferenceRelativePath = App/Config/Debug.xcconfig;
			buildSettings = {
				ASSETCATALOG_COMPILER_APPICON_NAME = AppIcon;
				ASSETCATALOG_COMPILER_GLOBAL_ACCENT_COLOR_NAME = AccentColor;
				CODE_SIGN_ENTITLEMENTS = passage/passage.entitlements;
				CODE_SIGN_STYLE = Automatic;
				CURRENT_PROJECT_VERSION = 3;
				DEVELOPMENT_TEAM = LRMVZ8GHUX;
				ENABLE_PREVIEWS = YES;
				GENERATE_INFOPLIST_FILE = YES;
				INFOPLIST_FILE = passage/Info.plist;
				INFOPLIST_KEY_UIApplicationSceneManifest_Generation = YES;
				INFOPLIST_KEY_UIApplicationSupportsIndirectInputEvents = YES;
				INFOPLIST_KEY_UILaunchScreen_Generation = YES;
				INFOPLIST_KEY_UISupportedInterfaceOrientations_iPad = "UIInterfaceOrientationPortrait UIInterfaceOrientationPortraitUpsideDown UIInterfaceOrientationLandscapeLeft UIInterfaceOrientationLandscapeRight";
				INFOPLIST_KEY_UISupportedInterfaceOrientations_iPhone = "UIInterfaceOrientationPortrait UIInterfaceOrientationLandscapeLeft UIInterfaceOrientationLandscapeRight";
				IPHONEOS_DEPLOYMENT_TARGET = 18.6;
				LD_RUNPATH_SEARCH_PATHS = (
					"$(inherited)",
					"@executable_path/Frameworks",
				);
				MARKETING_VERSION = 0.3.0;
				PRODUCT_BUNDLE_IDENTIFIER = com.ScienceFiction.passage;
				PRODUCT_NAME = "$(TARGET_NAME)";
				STRING_CATALOG_GENERATE_SYMBOLS = YES;
				SWIFT_APPROACHABLE_CONCURRENCY = YES;
				SWIFT_DEFAULT_ACTOR_ISOLATION = MainActor;
				SWIFT_EMIT_LOC_STRINGS = YES;
				SWIFT_UPCOMING_FEATURE_MEMBER_IMPORT_VISIBILITY = YES;
				SWIFT_VERSION = 6.0;
				TARGETED_DEVICE_FAMILY = "1,2";
			};
			name = Debug;
		};
		63A241972FF78FA60001C8E3 /* Release */ = {
			isa = XCBuildConfiguration;
			baseConfigurationReferenceAnchor = 63A241732FF78FA50001C8E3 /* passage */;
			baseConfigurationReferenceRelativePath = App/Config/Release.xcconfig;
			buildSettings = {
				ASSETCATALOG_COMPILER_APPICON_NAME = AppIcon;
				ASSETCATALOG_COMPILER_GLOBAL_ACCENT_COLOR_NAME = AccentColor;
				CODE_SIGN_ENTITLEMENTS = passage/passage.entitlements;
				CODE_SIGN_STYLE = Automatic;
				CURRENT_PROJECT_VERSION = 3;
				DEVELOPMENT_TEAM = LRMVZ8GHUX;
				ENABLE_PREVIEWS = YES;
				GENERATE_INFOPLIST_FILE = YES;
				INFOPLIST_FILE = passage/Info.plist;
				INFOPLIST_KEY_UIApplicationSceneManifest_Generation = YES;
				INFOPLIST_KEY_UIApplicationSupportsIndirectInputEvents = YES;
				INFOPLIST_KEY_UILaunchScreen_Generation = YES;
				INFOPLIST_KEY_UISupportedInterfaceOrientations_iPad = "UIInterfaceOrientationPortrait UIInterfaceOrientationPortraitUpsideDown UIInterfaceOrientationLandscapeLeft UIInterfaceOrientationLandscapeRight";
				INFOPLIST_KEY_UISupportedInterfaceOrientations_iPhone = "UIInterfaceOrientationPortrait UIInterfaceOrientationLandscapeLeft UIInterfaceOrientationLandscapeRight";
				IPHONEOS_DEPLOYMENT_TARGET = 18.6;
				LD_RUNPATH_SEARCH_PATHS = (
					"$(inherited)",
					"@executable_path/Frameworks",
				);
				MARKETING_VERSION = 0.3.0;
				PRODUCT_BUNDLE_IDENTIFIER = com.ScienceFiction.passage;
				PRODUCT_NAME = "$(TARGET_NAME)";
				STRING_CATALOG_GENERATE_SYMBOLS = YES;
				SWIFT_APPROACHABLE_CONCURRENCY = YES;
				SWIFT_DEFAULT_ACTOR_ISOLATION = MainActor;
				SWIFT_EMIT_LOC_STRINGS = YES;
				SWIFT_UPCOMING_FEATURE_MEMBER_IMPORT_VISIBILITY = YES;
				SWIFT_VERSION = 6.0;
				TARGETED_DEVICE_FAMILY = "1,2";
			};
			name = Release;
		};
		63A241982FF78FA60001C8E3 /* Debug */ = {
			isa = XCBuildConfiguration;
			buildSettings = {
				ALWAYS_SEARCH_USER_PATHS = NO;
				ASSETCATALOG_COMPILER_GENERATE_SWIFT_ASSET_SYMBOL_EXTENSIONS = YES;
				CLANG_ANALYZER_NONNULL = YES;
				CLANG_ANALYZER_NUMBER_OBJECT_CONVERSION = YES_AGGRESSIVE;
				CLANG_CXX_LANGUAGE_STANDARD = "gnu++20";
				CLANG_ENABLE_MODULES = YES;
				CLANG_ENABLE_OBJC_ARC = YES;
				CLANG_ENABLE_OBJC_WEAK = YES;
				CLANG_WARN_BLOCK_CAPTURE_AUTORELEASING = YES;
				CLANG_WARN_BOOL_CONVERSION = YES;
				CLANG_WARN_COMMA = YES;
				CLANG_WARN_CONSTANT_CONVERSION = YES;
				CLANG_WARN_DEPRECATED_OBJC_IMPLEMENTATIONS = YES;
				CLANG_WARN_DIRECT_OBJC_ISA_USAGE = YES_ERROR;
				CLANG_WARN_DOCUMENTATION_COMMENTS = YES;
				CLANG_WARN_EMPTY_BODY = YES;
				CLANG_WARN_ENUM_CONVERSION = YES;
				CLANG_WARN_INFINITE_RECURSION = YES;
				CLANG_WARN_INT_CONVERSION = YES;
				CLANG_WARN_NON_LITERAL_NULL_CONVERSION = YES;
				CLANG_WARN_OBJC_IMPLICIT_RETAIN_SELF = YES;
				CLANG_WARN_OBJC_LITERAL_CONVERSION = YES;
				CLANG_WARN_OBJC_ROOT_CLASS = YES_ERROR;
				CLANG_WARN_QUOTED_INCLUDE_IN_FRAMEWORK_HEADER = YES;
				CLANG_WARN_RANGE_LOOP_ANALYSIS = YES;
				CLANG_WARN_STRICT_PROTOTYPES = YES;
				CLANG_WARN_SUSPICIOUS_MOVE = YES;
				CLANG_WARN_UNGUARDED_AVAILABILITY = YES_AGGRESSIVE;
				CLANG_WARN_UNREACHABLE_CODE = YES;
				CLANG_WARN__DUPLICATE_METHOD_MATCH = YES;
				COPY_PHASE_STRIP = NO;
				DEBUG_INFORMATION_FORMAT = dwarf;
				DEVELOPMENT_TEAM = LRMVZ8GHUX;
				ENABLE_STRICT_OBJC_MSGSEND = YES;
				ENABLE_TESTABILITY = YES;
				ENABLE_USER_SCRIPT_SANDBOXING = YES;
				GCC_C_LANGUAGE_STANDARD = gnu17;
				GCC_DYNAMIC_NO_PIC = NO;
				GCC_NO_COMMON_BLOCKS = YES;
				GCC_OPTIMIZATION_LEVEL = 0;
				GCC_PREPROCESSOR_DEFINITIONS = (
					"DEBUG=1",
					"$(inherited)",
				);
				GCC_WARN_64_TO_32_BIT_CONVERSION = YES;
				GCC_WARN_ABOUT_RETURN_TYPE = YES_ERROR;
				GCC_WARN_UNDECLARED_SELECTOR = YES;
				GCC_WARN_UNINITIALIZED_AUTOS = YES_AGGRESSIVE;
				GCC_WARN_UNUSED_FUNCTION = YES;
				GCC_WARN_UNUSED_VARIABLE = YES;
				IPHONEOS_DEPLOYMENT_TARGET = 26.5;
				LOCALIZATION_PREFERS_STRING_CATALOGS = YES;
				MTL_ENABLE_DEBUG_INFO = INCLUDE_SOURCE;
				MTL_FAST_MATH = YES;
				ONLY_ACTIVE_ARCH = YES;
				SDKROOT = iphoneos;
				SWIFT_ACTIVE_COMPILATION_CONDITIONS = "DEBUG $(inherited)";
				SWIFT_OPTIMIZATION_LEVEL = "-Onone";
			};
			name = Debug;
		};
		63A241992FF78FA60001C8E3 /* Release */ = {
			isa = XCBuildConfiguration;
			buildSettings = {
				ALWAYS_SEARCH_USER_PATHS = NO;
				ASSETCATALOG_COMPILER_GENERATE_SWIFT_ASSET_SYMBOL_EXTENSIONS = YES;
				CLANG_ANALYZER_NONNULL = YES;
				CLANG_ANALYZER_NUMBER_OBJECT_CONVERSION = YES_AGGRESSIVE;
				CLANG_CXX_LANGUAGE_STANDARD = "gnu++20";
				CLANG_ENABLE_MODULES = YES;
				CLANG_ENABLE_OBJC_ARC = YES;
				CLANG_ENABLE_OBJC_WEAK = YES;
				CLANG_WARN_BLOCK_CAPTURE_AUTORELEASING = YES;
				CLANG_WARN_BOOL_CONVERSION = YES;
				CLANG_WARN_COMMA = YES;
				CLANG_WARN_CONSTANT_CONVERSION = YES;
				CLANG_WARN_DEPRECATED_OBJC_IMPLEMENTATIONS = YES;
				CLANG_WARN_DIRECT_OBJC_ISA_USAGE = YES_ERROR;
				CLANG_WARN_DOCUMENTATION_COMMENTS = YES;
				CLANG_WARN_EMPTY_BODY = YES;
				CLANG_WARN_ENUM_CONVERSION = YES;
				CLANG_WARN_INFINITE_RECURSION = YES;
				CLANG_WARN_INT_CONVERSION = YES;
				CLANG_WARN_NON_LITERAL_NULL_CONVERSION = YES;
				CLANG_WARN_OBJC_IMPLICIT_RETAIN_SELF = YES;
				CLANG_WARN_OBJC_LITERAL_CONVERSION = YES;
				CLANG_WARN_OBJC_ROOT_CLASS = YES_ERROR;
				CLANG_WARN_QUOTED_INCLUDE_IN_FRAMEWORK_HEADER = YES;
				CLANG_WARN_RANGE_LOOP_ANALYSIS = YES;
				CLANG_WARN_STRICT_PROTOTYPES = YES;
				CLANG_WARN_SUSPICIOUS_MOVE = YES;
				CLANG_WARN_UNGUARDED_AVAILABILITY = YES_AGGRESSIVE;
				CLANG_WARN_UNREACHABLE_CODE = YES;
				CLANG_WARN__DUPLICATE_METHOD_MATCH = YES;
				COPY_PHASE_STRIP = NO;
				DEBUG_INFORMATION_FORMAT = "dwarf-with-dsym";
				DEVELOPMENT_TEAM = LRMVZ8GHUX;
				ENABLE_NS_ASSERTIONS = NO;
				ENABLE_STRICT_OBJC_MSGSEND = YES;
				ENABLE_USER_SCRIPT_SANDBOXING = YES;
				GCC_C_LANGUAGE_STANDARD = gnu17;
				GCC_NO_COMMON_BLOCKS = YES;
				GCC_WARN_64_TO_32_BIT_CONVERSION = YES;
				GCC_WARN_ABOUT_RETURN_TYPE = YES_ERROR;
				GCC_WARN_UNDECLARED_SELECTOR = YES;
				GCC_WARN_UNINITIALIZED_AUTOS = YES_AGGRESSIVE;
				GCC_WARN_UNUSED_FUNCTION = YES;
				GCC_WARN_UNUSED_VARIABLE = YES;
				IPHONEOS_DEPLOYMENT_TARGET = 26.5;
				LOCALIZATION_PREFERS_STRING_CATALOGS = YES;
				MTL_ENABLE_DEBUG_INFO = NO;
				MTL_FAST_MATH = YES;
				SDKROOT = iphoneos;
				SWIFT_COMPILATION_MODE = wholemodule;
				VALIDATE_PRODUCT = YES;
			};
			name = Release;
		};
		63A2419B2FF78FA60001C8E3 /* Debug */ = {
			isa = XCBuildConfiguration;
			buildSettings = {
				BUNDLE_LOADER = "$(TEST_HOST)";
				CODE_SIGN_STYLE = Automatic;
				CURRENT_PROJECT_VERSION = 1;
				DEVELOPMENT_TEAM = LRMVZ8GHUX;
				GENERATE_INFOPLIST_FILE = YES;
				IPHONEOS_DEPLOYMENT_TARGET = 26.5;
				MARKETING_VERSION = 1.0;
				PRODUCT_BUNDLE_IDENTIFIER = com.ScienceFiction.passageTests;
				PRODUCT_NAME = "$(TARGET_NAME)";
				STRING_CATALOG_GENERATE_SYMBOLS = NO;
				SWIFT_APPROACHABLE_CONCURRENCY = YES;
				SWIFT_EMIT_LOC_STRINGS = NO;
				SWIFT_UPCOMING_FEATURE_MEMBER_IMPORT_VISIBILITY = YES;
				SWIFT_VERSION = 6.0;
				TARGETED_DEVICE_FAMILY = "1,2";
				TEST_HOST = "$(BUILT_PRODUCTS_DIR)/passage.app/$(BUNDLE_EXECUTABLE_FOLDER_PATH)/passage";
			};
			name = Debug;
		};
		63A2419C2FF78FA60001C8E3 /* Release */ = {
			isa = XCBuildConfiguration;
			buildSettings = {
				BUNDLE_LOADER = "$(TEST_HOST)";
				CODE_SIGN_STYLE = Automatic;
				CURRENT_PROJECT_VERSION = 1;
				DEVELOPMENT_TEAM = LRMVZ8GHUX;
				GENERATE_INFOPLIST_FILE = YES;
				IPHONEOS_DEPLOYMENT_TARGET = 26.5;
				MARKETING_VERSION = 1.0;
				PRODUCT_BUNDLE_IDENTIFIER = com.ScienceFiction.passageTests;
				PRODUCT_NAME = "$(TARGET_NAME)";
				STRING_CATALOG_GENERATE_SYMBOLS = NO;
				SWIFT_APPROACHABLE_CONCURRENCY = YES;
				SWIFT_EMIT_LOC_STRINGS = NO;
				SWIFT_UPCOMING_FEATURE_MEMBER_IMPORT_VISIBILITY = YES;
				SWIFT_VERSION = 6.0;
				TARGETED_DEVICE_FAMILY = "1,2";
				TEST_HOST = "$(BUILT_PRODUCTS_DIR)/passage.app/$(BUNDLE_EXECUTABLE_FOLDER_PATH)/passage";
			};
			name = Release;
		};
		63A2419E2FF78FA60001C8E3 /* Debug */ = {
			isa = XCBuildConfiguration;
			buildSettings = {
				CODE_SIGN_STYLE = Automatic;
				CURRENT_PROJECT_VERSION = 1;
				DEVELOPMENT_TEAM = LRMVZ8GHUX;
				GENERATE_INFOPLIST_FILE = YES;
				MARKETING_VERSION = 1.0;
				PRODUCT_BUNDLE_IDENTIFIER = com.ScienceFiction.passageUITests;
				PRODUCT_NAME = "$(TARGET_NAME)";
				STRING_CATALOG_GENERATE_SYMBOLS = NO;
				SWIFT_APPROACHABLE_CONCURRENCY = YES;
				SWIFT_EMIT_LOC_STRINGS = NO;
				SWIFT_UPCOMING_FEATURE_MEMBER_IMPORT_VISIBILITY = YES;
				SWIFT_VERSION = 6.0;
				TARGETED_DEVICE_FAMILY = "1,2";
				TEST_TARGET_NAME = passage;
			};
			name = Debug;
		};
		63A2419F2FF78FA60001C8E3 /* Release */ = {
			isa = XCBuildConfiguration;
			buildSettings = {
				CODE_SIGN_STYLE = Automatic;
				CURRENT_PROJECT_VERSION = 1;
				DEVELOPMENT_TEAM = LRMVZ8GHUX;
				GENERATE_INFOPLIST_FILE = YES;
				MARKETING_VERSION = 1.0;
				PRODUCT_BUNDLE_IDENTIFIER = com.ScienceFiction.passageUITests;
				PRODUCT_NAME = "$(TARGET_NAME)";
				STRING_CATALOG_GENERATE_SYMBOLS = NO;
				SWIFT_APPROACHABLE_CONCURRENCY = YES;
				SWIFT_EMIT_LOC_STRINGS = NO;
				SWIFT_UPCOMING_FEATURE_MEMBER_IMPORT_VISIBILITY = YES;
				SWIFT_VERSION = 6.0;
				TARGETED_DEVICE_FAMILY = "1,2";
				TEST_TARGET_NAME = passage;
			};
			name = Release;
		};
/* End XCBuildConfiguration section */

/* Begin XCConfigurationList section */
		63A2416C2FF78FA50001C8E3 /* Build configuration list for PBXProject "passage" */ = {
			isa = XCConfigurationList;
			buildConfigurations = (
				63A241982FF78FA60001C8E3 /* Debug */,
				63A241992FF78FA60001C8E3 /* Release */,
			);
			defaultConfigurationIsVisible = 0;
			defaultConfigurationName = Release;
		};
		63A241952FF78FA60001C8E3 /* Build configuration list for PBXNativeTarget "passage" */ = {
			isa = XCConfigurationList;
			buildConfigurations = (
				63A241962FF78FA60001C8E3 /* Debug */,
				63A241972FF78FA60001C8E3 /* Release */,
			);
			defaultConfigurationIsVisible = 0;
			defaultConfigurationName = Release;
		};
		63A2419A2FF78FA60001C8E3 /* Build configuration list for PBXNativeTarget "passageTests" */ = {
			isa = XCConfigurationList;
			buildConfigurations = (
				63A2419B2FF78FA60001C8E3 /* Debug */,
				63A2419C2FF78FA60001C8E3 /* Release */,
			);
			defaultConfigurationIsVisible = 0;
			defaultConfigurationName = Release;
		};
		63A2419D2FF78FA60001C8E3 /* Build configuration list for PBXNativeTarget "passageUITests" */ = {
			isa = XCConfigurationList;
			buildConfigurations = (
				63A2419E2FF78FA60001C8E3 /* Debug */,
				63A2419F2FF78FA60001C8E3 /* Release */,
			);
			defaultConfigurationIsVisible = 0;
			defaultConfigurationName = Release;
		};
/* End XCConfigurationList section */

/* Begin XCRemoteSwiftPackageReference section */
		63A4E37E2FF8719A00EC3C43 /* XCRemoteSwiftPackageReference "SPM-NMapsMap" */ = {
			isa = XCRemoteSwiftPackageReference;
			repositoryURL = "https://github.com/navermaps/SPM-NMapsMap";
			requirement = {
				kind = upToNextMajorVersion;
				minimumVersion = 3.23.2;
			};
		};
/* End XCRemoteSwiftPackageReference section */

/* Begin XCSwiftPackageProductDependency section */
		63A4E37F2FF8719A00EC3C43 /* NMapsMap */ = {
			isa = XCSwiftPackageProductDependency;
			package = 63A4E37E2FF8719A00EC3C43 /* XCRemoteSwiftPackageReference "SPM-NMapsMap" */;
			productName = NMapsMap;
		};
/* End XCSwiftPackageProductDependency section */
	};
	rootObject = 63A241692FF78FA50001C8E3 /* Project object */;
}
